
Microsoft Visual Studio Solution File, Format Version 12.00
# Visual Studio Version 17
VisualStudioVersion = 17.6.33815.320
MinimumVisualStudioVersion = 10.0.40219.1
Project("{9A19103F-16F7-4668-BE54-9A1E7A4F7556}") = "TrackerLibrary", "TrackerLibrary\TrackerLibrary.csproj", "{E02E0031-9589-4702-8DF6-3439F212F7A4}"
EndProject
Project("{FAE04EC0-301F-11D3-BF4B-00C04F79EFBC}") = "TrackerUI", "TrackerUI\TrackerUI.csproj", "{F72A5BA6-097E-4958-ABFA-E85F4639D8E7}"
EndProject
Global
	GlobalSection(SolutionConfigurationPlatforms) = preSolution
		Debug|Any CPU = Debug|Any CPU
		Release|Any CPU = Release|Any CPU
	EndGlobalSection
	GlobalSection(ProjectConfigurationPlatforms) = postSolution
		{E02E0031-9589-4702-8DF6-3439F212F7A4}.Debug|Any CPU.ActiveCfg = Debug|Any CPU
		{E02E0031-9589-4702-8DF6-3439F212F7A4}.Debug|Any CPU.Build.0 = Debug|Any CPU
		{E02E0031-9589-4702-8DF6-3439F212F7A4}.Release|Any CPU.ActiveCfg = Release|Any CPU
		{E02E0031-9589-4702-8DF6-3439F212F7A4}.Release|Any CPU.Build.0 = Release|Any CPU
		{F72A5BA6-097E-4958-ABFA-E85F4639D8E7}.Debug|Any CPU.ActiveCfg = Debug|Any CPU
		{F72A5BA6-097E-4958-ABFA-E85F4639D8E7}.Debug|Any CPU.Build.0 = Debug|Any CPU
		{F72A5BA6-097E-4958-ABFA-E85F4639D8E7}.Release|Any CPU.ActiveCfg = Release|Any CPU
		{F72A5BA6-097E-4958-ABFA-E85F4639D8E7}.Release|Any CPU.Build.0 = Release|Any CPU
	EndGlobalSection
	GlobalSection(SolutionProperties) = preSolution
		HideSolutionNode = FALSE
	EndGlobalSection
	GlobalSection(ExtensibilityGlobals) = postSolution
		SolutionGuid = {1E703223-E698-4B80-A355-EEB87BE26AEC}
	EndGlobalSection
EndGlobal
